
Microsoft Visual Studio Solution File, Format Version 12.00
# Visual Studio 14
VisualStudioVersion = 14.0.23107.0
MinimumVisualStudioVersion = 10.0.40219.1
Project("{2150E333-8FDC-42A3-9474-1A3956D46DE8}") = "Frameworks", "Frameworks", "{7C762820-1165-4EB4-B7A3-3BB45DF33CE7}"
EndProject
Project("{FAE04EC0-301F-11D3-BF4B-00C04F79EFBC}") = "Bridge.jQuery2", "jQuery2\Bridge.jQuery2.csproj", "{BCCFB816-2F7F-4693-A16B-2BC0A7B39085}"
EndProject
Project("{FAE04EC0-301F-11D3-BF4B-00C04F79EFBC}") = "Bridge.Bootstrap3", "Bootstrap3\Bridge.Bootstrap3.csproj", "{E2C8A4F9-8525-40E6-A076-38F91F602975}"
EndProject
Project("{FAE04EC0-301F-11D3-BF4B-00C04F79EFBC}") = "Bridge.QUnit", "QUnit\Bridge.QUnit.csproj", "{96CB97F5-1BAC-433D-B5CE-AD6E7B244F12}"
EndProject
Project("{2150E333-8FDC-42A3-9474-1A3956D46DE8}") = ".nuget", ".nuget", "{42D82A7C-EC6C-4C9F-A169-3F22275ED2BB}"
	ProjectSection(SolutionItems) = preProject
		.nuget\NuGet.Config = .nuget\NuGet.Config
		.nuget\NuGet.exe = .nuget\NuGet.exe
		.nuget\NuGet.targets = .nuget\NuGet.targets
	EndProjectSection
EndProject
Project("{FAE04EC0-301F-11D3-BF4B-00C04F79EFBC}") = "Bridge.Collections", "Collections\Bridge.Collections.csproj", "{2F36A7E8-FC89-49A9-8161-5BBBE8F66A3A}"
EndProject
Project("{FAE04EC0-301F-11D3-BF4B-00C04F79EFBC}") = "Bridge.WebGL", "WebGL\Bridge.WebGL.csproj", "{476C2F05-4770-481C-90D1-8353E5F379DC}"
EndProject
Project("{FAE04EC0-301F-11D3-BF4B-00C04F79EFBC}") = "Bridge.AngularJS", "AngularJS\Bridge.AngularJS.csproj", "{CFD49E9D-FA2D-46A6-B50D-8D114F07C07C}"
EndProject
Project("{2150E333-8FDC-42A3-9474-1A3956D46DE8}") = ".build", ".build", "{16FF416E-9157-4B8A-80B8-65946FE29CE9}"
EndProject
Project("{2150E333-8FDC-42A3-9474-1A3956D46DE8}") = "specs", "specs", "{C0B01623-3AEA-472E-BD8D-4F2D05378ADC}"
	ProjectSection(SolutionItems) = preProject
		.build\specs\Bridge.AngularJS.nuspec = .build\specs\Bridge.AngularJS.nuspec
		.build\specs\Bridge.Bootstrap.nuspec = .build\specs\Bridge.Bootstrap.nuspec
		.build\specs\Bridge.Collections.nuspec = .build\specs\Bridge.Collections.nuspec
		.build\specs\Bridge.Console.nuspec = .build\specs\Bridge.Console.nuspec
		.build\specs\Bridge.jQuery.nuspec = .build\specs\Bridge.jQuery.nuspec
		.build\specs\Bridge.QUnit.Dev.nuspec = .build\specs\Bridge.QUnit.Dev.nuspec
		.build\specs\Bridge.QUnit.nuspec = .build\specs\Bridge.QUnit.nuspec
		.build\specs\Bridge.WebGL.nuspec = .build\specs\Bridge.WebGL.nuspec
	EndProjectSection
EndProject
Project("{2150E333-8FDC-42A3-9474-1A3956D46DE8}") = "common", "common", "{105998AB-4F7F-48FE-BB97-9E6F330DAC21}"
	ProjectSection(SolutionItems) = preProject
		.build\common\CommonAssemblyInfo.cs = .build\common\CommonAssemblyInfo.cs
		.build\common\NuGet.Build.Package.targets = .build\common\NuGet.Build.Package.targets
	EndProjectSection
EndProject
Project("{FAE04EC0-301F-11D3-BF4B-00C04F79EFBC}") = "Bridge.Console", "Console\Bridge.Console.csproj", "{49A43430-680D-4704-9105-D4352D105B86}"
EndProject
Project("{2150E333-8FDC-42A3-9474-1A3956D46DE8}") = "Collections", "Collections", "{08518112-22DB-4ECA-94D8-3A9ACD8FCCE5}"
EndProject
Project("{2150E333-8FDC-42A3-9474-1A3956D46DE8}") = "Tests", "Tests", "{1CAADF69-E2A3-4D04-86E4-6946057FCEB4}"
EndProject
Project("{FAE04EC0-301F-11D3-BF4B-00C04F79EFBC}") = "Batch1", "Collections.Tests\Batch1\Batch1.csproj", "{306AD788-87E9-4DF9-A216-95948E024BC8}"
EndProject
Project("{E24C65DC-7377-472B-9ABA-BC803B73C61A}") = "Runner", "Collections.Tests\Runner\", "{5A1A3124-9FF7-4CF1-A029-C5EF1C69572F}"
	ProjectSection(WebsiteProperties) = preProject
		TargetFrameworkMoniker = ".NETFramework,Version%3Dv4.0"
		Debug.AspNetCompiler.VirtualPath = "/localhost_49754"
		Debug.AspNetCompiler.PhysicalPath = "Collections.Tests\Runner\"
		Debug.AspNetCompiler.TargetPath = "PrecompiledWeb\localhost_49754\"
		Debug.AspNetCompiler.Updateable = "true"
		Debug.AspNetCompiler.ForceOverwrite = "true"
		Debug.AspNetCompiler.FixedNames = "false"
		Debug.AspNetCompiler.Debug = "True"
		Release.AspNetCompiler.VirtualPath = "/localhost_49754"
		Release.AspNetCompiler.PhysicalPath = "Collections.Tests\Runner\"
		Release.AspNetCompiler.TargetPath = "PrecompiledWeb\localhost_49754\"
		Release.AspNetCompiler.Updateable = "true"
		Release.AspNetCompiler.ForceOverwrite = "true"
		Release.AspNetCompiler.FixedNames = "false"
		Release.AspNetCompiler.Debug = "False"
		VWDPort = "49754"
		SlnRelativePath = "Collections.Tests\Runner\"
		DefaultWebSiteLanguage = "Visual C#"
	EndProjectSection
EndProject
Global
	GlobalSection(SolutionConfigurationPlatforms) = preSolution
		Debug|Any CPU = Debug|Any CPU
		Release|Any CPU = Release|Any CPU
	EndGlobalSection
	GlobalSection(ProjectConfigurationPlatforms) = postSolution
		{BCCFB816-2F7F-4693-A16B-2BC0A7B39085}.Debug|Any CPU.ActiveCfg = Debug|Any CPU
		{BCCFB816-2F7F-4693-A16B-2BC0A7B39085}.Debug|Any CPU.Build.0 = Debug|Any CPU
		{BCCFB816-2F7F-4693-A16B-2BC0A7B39085}.Release|Any CPU.ActiveCfg = Release|Any CPU
		{BCCFB816-2F7F-4693-A16B-2BC0A7B39085}.Release|Any CPU.Build.0 = Release|Any CPU
		{E2C8A4F9-8525-40E6-A076-38F91F602975}.Debug|Any CPU.ActiveCfg = Debug|Any CPU
		{E2C8A4F9-8525-40E6-A076-38F91F602975}.Debug|Any CPU.Build.0 = Debug|Any CPU
		{E2C8A4F9-8525-40E6-A076-38F91F602975}.Release|Any CPU.ActiveCfg = Release|Any CPU
		{E2C8A4F9-8525-40E6-A076-38F91F602975}.Release|Any CPU.Build.0 = Release|Any CPU
		{96CB97F5-1BAC-433D-B5CE-AD6E7B244F12}.Debug|Any CPU.ActiveCfg = Debug|Any CPU
		{96CB97F5-1BAC-433D-B5CE-AD6E7B244F12}.Debug|Any CPU.Build.0 = Debug|Any CPU
		{96CB97F5-1BAC-433D-B5CE-AD6E7B244F12}.Release|Any CPU.ActiveCfg = Release|Any CPU
		{96CB97F5-1BAC-433D-B5CE-AD6E7B244F12}.Release|Any CPU.Build.0 = Release|Any CPU
		{2F36A7E8-FC89-49A9-8161-5BBBE8F66A3A}.Debug|Any CPU.ActiveCfg = Debug|Any CPU
		{2F36A7E8-FC89-49A9-8161-5BBBE8F66A3A}.Debug|Any CPU.Build.0 = Debug|Any CPU
		{2F36A7E8-FC89-49A9-8161-5BBBE8F66A3A}.Release|Any CPU.ActiveCfg = Release|Any CPU
		{2F36A7E8-FC89-49A9-8161-5BBBE8F66A3A}.Release|Any CPU.Build.0 = Release|Any CPU
		{476C2F05-4770-481C-90D1-8353E5F379DC}.Debug|Any CPU.ActiveCfg = Debug|Any CPU
		{476C2F05-4770-481C-90D1-8353E5F379DC}.Debug|Any CPU.Build.0 = Debug|Any CPU
		{476C2F05-4770-481C-90D1-8353E5F379DC}.Release|Any CPU.ActiveCfg = Release|Any CPU
		{476C2F05-4770-481C-90D1-8353E5F379DC}.Release|Any CPU.Build.0 = Release|Any CPU
		{CFD49E9D-FA2D-46A6-B50D-8D114F07C07C}.Debug|Any CPU.ActiveCfg = Debug|Any CPU
		{CFD49E9D-FA2D-46A6-B50D-8D114F07C07C}.Debug|Any CPU.Build.0 = Debug|Any CPU
		{CFD49E9D-FA2D-46A6-B50D-8D114F07C07C}.Release|Any CPU.ActiveCfg = Release|Any CPU
		{CFD49E9D-FA2D-46A6-B50D-8D114F07C07C}.Release|Any CPU.Build.0 = Release|Any CPU
		{49A43430-680D-4704-9105-D4352D105B86}.Debug|Any CPU.ActiveCfg = Debug|Any CPU
		{49A43430-680D-4704-9105-D4352D105B86}.Debug|Any CPU.Build.0 = Debug|Any CPU
		{49A43430-680D-4704-9105-D4352D105B86}.Release|Any CPU.ActiveCfg = Release|Any CPU
		{49A43430-680D-4704-9105-D4352D105B86}.Release|Any CPU.Build.0 = Release|Any CPU
		{306AD788-87E9-4DF9-A216-95948E024BC8}.Debug|Any CPU.ActiveCfg = Debug|Any CPU
		{306AD788-87E9-4DF9-A216-95948E024BC8}.Debug|Any CPU.Build.0 = Debug|Any CPU
		{306AD788-87E9-4DF9-A216-95948E024BC8}.Release|Any CPU.ActiveCfg = Release|Any CPU
		{306AD788-87E9-4DF9-A216-95948E024BC8}.Release|Any CPU.Build.0 = Release|Any CPU
		{5A1A3124-9FF7-4CF1-A029-C5EF1C69572F}.Debug|Any CPU.ActiveCfg = Debug|Any CPU
		{5A1A3124-9FF7-4CF1-A029-C5EF1C69572F}.Debug|Any CPU.Build.0 = Debug|Any CPU
		{5A1A3124-9FF7-4CF1-A029-C5EF1C69572F}.Release|Any CPU.ActiveCfg = Debug|Any CPU
		{5A1A3124-9FF7-4CF1-A029-C5EF1C69572F}.Release|Any CPU.Build.0 = Debug|Any CPU
	EndGlobalSection
	GlobalSection(SolutionProperties) = preSolution
		HideSolutionNode = FALSE
	EndGlobalSection
	GlobalSection(NestedProjects) = preSolution
		{BCCFB816-2F7F-4693-A16B-2BC0A7B39085} = {7C762820-1165-4EB4-B7A3-3BB45DF33CE7}
		{E2C8A4F9-8525-40E6-A076-38F91F602975} = {7C762820-1165-4EB4-B7A3-3BB45DF33CE7}
		{96CB97F5-1BAC-433D-B5CE-AD6E7B244F12} = {7C762820-1165-4EB4-B7A3-3BB45DF33CE7}
		{2F36A7E8-FC89-49A9-8161-5BBBE8F66A3A} = {08518112-22DB-4ECA-94D8-3A9ACD8FCCE5}
		{476C2F05-4770-481C-90D1-8353E5F379DC} = {7C762820-1165-4EB4-B7A3-3BB45DF33CE7}
		{CFD49E9D-FA2D-46A6-B50D-8D114F07C07C} = {7C762820-1165-4EB4-B7A3-3BB45DF33CE7}
		{C0B01623-3AEA-472E-BD8D-4F2D05378ADC} = {16FF416E-9157-4B8A-80B8-65946FE29CE9}
		{105998AB-4F7F-48FE-BB97-9E6F330DAC21} = {16FF416E-9157-4B8A-80B8-65946FE29CE9}
		{49A43430-680D-4704-9105-D4352D105B86} = {7C762820-1165-4EB4-B7A3-3BB45DF33CE7}
		{08518112-22DB-4ECA-94D8-3A9ACD8FCCE5} = {7C762820-1165-4EB4-B7A3-3BB45DF33CE7}
		{1CAADF69-E2A3-4D04-86E4-6946057FCEB4} = {08518112-22DB-4ECA-94D8-3A9ACD8FCCE5}
		{306AD788-87E9-4DF9-A216-95948E024BC8} = {1CAADF69-E2A3-4D04-86E4-6946057FCEB4}
		{5A1A3124-9FF7-4CF1-A029-C5EF1C69572F} = {1CAADF69-E2A3-4D04-86E4-6946057FCEB4}
	EndGlobalSection
EndGlobal
